<?xml version="1.0" encoding="UTF-8" standalone="yes" ?>
<CodeBlocks_project_file>
	<FileVersion major="1" minor="6" />
	<Project>
		<Option title="libcdpp" />
		<Option pch_mode="2" />
		<Option compiler="gcc" />
		<MakeCommands>
			<Build command="" />
			<CompileFile command="" />
			<Clean command="" />
			<DistClean command="" />
			<AskRebuildNeeded command="" />
			<SilentBuild command=" &gt; $(CMD_NULL)" />
		</MakeCommands>
		<Build>
			<Target title="Debug">
				<Option output="bin/Debug/cdpp" prefix_auto="1" extension_auto="1" />
				<Option working_dir="bin/Debug" />
				<Option object_output="obj/Debug/" />
				<Option type="3" />
				<Option compiler="gcc" />
				<Option createDefFile="1" />
				<Option projectCompilerOptionsRelation="0" />
				<Option projectLinkerOptionsRelation="0" />
				<Option projectIncludeDirsRelation="0" />
				<Option projectResourceIncludeDirsRelation="0" />
				<Option projectLibDirsRelation="0" />
				<Compiler>
					<Add option="-pedantic" />
					<Add option="-g" />
					<Add directory="include" />
					<Add directory="thirdparty" />
					<Add directory="include/Container" />
					<Add directory="include/hoster" />
				</Compiler>
				<MakeCommands>
					<Build command="" />
					<CompileFile command="" />
					<Clean command="" />
					<DistClean command="" />
					<AskRebuildNeeded command="" />
					<SilentBuild command=" &gt; $(CMD_NULL)" />
				</MakeCommands>
			</Target>
			<Target title="Release">
				<Option output="bin/Release/cdpp" prefix_auto="1" extension_auto="1" />
				<Option object_output="obj/Release/" />
				<Option type="3" />
				<Option compiler="gcc" />
				<Option createDefFile="1" />
				<Option createStaticLib="1" />
				<Compiler>
					<Add option="-O2" />
					<Add option="-DBUILD_RELEASE" />
					<Add directory="include" />
					<Add directory="include/Container" />
					<Add directory="include/hoster" />
				</Compiler>
				<Linker>
					<Add option="-s" />
				</Linker>
			</Target>
		</Build>
		<Compiler>
			<Add option="-std=c++11" />
			<Add option="-Wextra" />
			<Add option="-Wall" />
			<Add option="-fPIC" />
			<Add directory="include" />
			<Add directory="thirdparty" />
		</Compiler>
		<Linker>
			<Add option="-lssl" />
			<Add option="-lcurl" />
			<Add option="-lpugixml" />
			<Add option="-ltidyp" />
			<Add library="thirdparty/curlcpp/build/libcurlcpp.a" />
		</Linker>
		<Unit filename="include/basics/Logger.h" />
		<Unit filename="include/basics/aes.h" />
		<Unit filename="include/basics/bio.h" />
		<Unit filename="include/basics/html.h" />
		<Unit filename="include/cdpp.h" />
		<Unit filename="include/container/CCFParser.h" />
		<Unit filename="include/container/Container.h" />
		<Unit filename="include/container/DLCParser.h" />
		<Unit filename="include/container/DecryptionException.h" />
		<Unit filename="include/container/RSDFParser.h" />
		<Unit filename="include/data/Package.h" />
		<Unit filename="include/hoster/Hoster.h" />
		<Unit filename="include/hoster/ShareOnlineBz.h" />
		<Unit filename="include/hoster/ZippyShareCom.h" />
		<Unit filename="src/basics/Logger.cpp" />
		<Unit filename="src/basics/aes.cpp" />
		<Unit filename="src/basics/bio.cpp" />
		<Unit filename="src/basics/html.cpp" />
		<Unit filename="src/container/CCFParser.cpp" />
		<Unit filename="src/container/DLCParser.cpp" />
		<Unit filename="src/container/Package.cpp" />
		<Unit filename="src/container/RSDFParser.cpp" />
		<Unit filename="src/hoster/ShareOnlineBz.cpp" />
		<Unit filename="src/hoster/ZippyShareCom.cpp" />
		<Unit filename="version.h" />
		<Extensions>
			<DoxyBlocks>
				<comment_style block="4" line="0" />
				<doxyfile_project />
				<doxyfile_build />
				<doxyfile_warnings warn_if_undocumented="1" />
				<doxyfile_output />
				<doxyfile_dot />
				<general />
			</DoxyBlocks>
			<envvars />
			<code_completion />
			<debugger />
			<AutoVersioning>
				<Scheme minor_max="100" build_max="10" rev_max="100" rev_rand_max="1" build_times_to_increment_minor="100" />
				<Settings autoincrement="1" date_declarations="1" use_define="1" update_manifest="1" do_auto_increment="0" ask_to_increment="1" language="C++" svn="0" svn_directory="" header_path="version.h" />
				<Changes_Log show_changes_editor="0" app_title="released version %M.%m.%b of %p" changeslog_path="ChangesLog.txt" />
				<Code header_guard="VERSION_H" namespace="AutoVersion" prefix="" />
			</AutoVersioning>
		</Extensions>
	</Project>
</CodeBlocks_project_file>
